
Microsoft Visual Studio Solution File, Format Version 12.00
# Visual Studio Version 17
VisualStudioVersion = 17.5.33530.505
MinimumVisualStudioVersion = 10.0.40219.1
Project("{FAE04EC0-301F-11D3-BF4B-00C04F79EFBC}") = "Linkedlist_Datastructure", "Linkedlist_Datastructure\Linkedlist_Datastructure.csproj", "{EE143346-C6C6-4FA4-8CD8-C4998BCF039A}"
EndProject
Global
	GlobalSection(SolutionConfigurationPlatforms) = preSolution
		Debug|Any CPU = Debug|Any CPU
		Release|Any CPU = Release|Any CPU
	EndGlobalSection
	GlobalSection(ProjectConfigurationPlatforms) = postSolution
		{EE143346-C6C6-4FA4-8CD8-C4998BCF039A}.Debug|Any CPU.ActiveCfg = Debug|Any CPU
		{EE143346-C6C6-4FA4-8CD8-C4998BCF039A}.Debug|Any CPU.Build.0 = Debug|Any CPU
		{EE143346-C6C6-4FA4-8CD8-C4998BCF039A}.Release|Any CPU.ActiveCfg = Release|Any CPU
		{EE143346-C6C6-4FA4-8CD8-C4998BCF039A}.Release|Any CPU.Build.0 = Release|Any CPU
	EndGlobalSection
	GlobalSection(SolutionProperties) = preSolution
		HideSolutionNode = FALSE
	EndGlobalSection
	GlobalSection(ExtensibilityGlobals) = postSolution
		SolutionGuid = {383727AE-E679-4F95-BDDD-8C4059783816}
	EndGlobalSection
EndGlobal
